
Microsoft Visual Studio Solution File, Format Version 12.00
# Visual Studio 15
VisualStudioVersion = 15.0.28307.489
MinimumVisualStudioVersion = 10.0.40219.1
Project("{FAE04EC0-301F-11D3-BF4B-00C04F79EFBC}") = "Test1", "Test1\Test1.csproj", "{B2900B49-6B87-4109-98C1-249D18B2BDB2}"
EndProject
Project("{FAE04EC0-301F-11D3-BF4B-00C04F79EFBC}") = "Test2", "Test2\Test2.csproj", "{9D1DCD1F-140E-4AE2-94E7-BCD2193FAF70}"
EndProject
Project("{FAE04EC0-301F-11D3-BF4B-00C04F79EFBC}") = "Test3", "Test3\Test3.csproj", "{CF813485-AEB4-44D7-8B2D-E3E073F07507}"
EndProject
Project("{FAE04EC0-301F-11D3-BF4B-00C04F79EFBC}") = "Test4", "Test4\Test4.csproj", "{922360FE-B723-400F-B679-907EB1B20852}"
EndProject
Project("{FAE04EC0-301F-11D3-BF4B-00C04F79EFBC}") = "Test5", "Test5\Test5.csproj", "{9016C431-4E84-482B-9B78-63ABDFC4F36F}"
EndProject
Project("{FAE04EC0-301F-11D3-BF4B-00C04F79EFBC}") = "Test6", "Test6\Test6.csproj", "{4352B137-EC20-490E-9D5D-FDD30767AA1A}"
EndProject
Project("{FAE04EC0-301F-11D3-BF4B-00C04F79EFBC}") = "Test7", "Test7\Test7.csproj", "{E46F13F8-D939-45CF-9923-8BFFE60FC524}"
EndProject
Project("{FAE04EC0-301F-11D3-BF4B-00C04F79EFBC}") = "Test8", "Test8\Test8.csproj", "{FA74A8B6-0497-4FCA-BB63-8F8F6DF2CA3B}"
EndProject
Global
	GlobalSection(SolutionConfigurationPlatforms) = preSolution
		Debug|Any CPU = Debug|Any CPU
		Release|Any CPU = Release|Any CPU
	EndGlobalSection
	GlobalSection(ProjectConfigurationPlatforms) = postSolution
		{B2900B49-6B87-4109-98C1-249D18B2BDB2}.Debug|Any CPU.ActiveCfg = Debug|Any CPU
		{B2900B49-6B87-4109-98C1-249D18B2BDB2}.Debug|Any CPU.Build.0 = Debug|Any CPU
		{B2900B49-6B87-4109-98C1-249D18B2BDB2}.Release|Any CPU.ActiveCfg = Release|Any CPU
		{B2900B49-6B87-4109-98C1-249D18B2BDB2}.Release|Any CPU.Build.0 = Release|Any CPU
		{9D1DCD1F-140E-4AE2-94E7-BCD2193FAF70}.Debug|Any CPU.ActiveCfg = Debug|Any CPU
		{9D1DCD1F-140E-4AE2-94E7-BCD2193FAF70}.Debug|Any CPU.Build.0 = Debug|Any CPU
		{9D1DCD1F-140E-4AE2-94E7-BCD2193FAF70}.Release|Any CPU.ActiveCfg = Release|Any CPU
		{9D1DCD1F-140E-4AE2-94E7-BCD2193FAF70}.Release|Any CPU.Build.0 = Release|Any CPU
		{CF813485-AEB4-44D7-8B2D-E3E073F07507}.Debug|Any CPU.ActiveCfg = Debug|Any CPU
		{CF813485-AEB4-44D7-8B2D-E3E073F07507}.Debug|Any CPU.Build.0 = Debug|Any CPU
		{CF813485-AEB4-44D7-8B2D-E3E073F07507}.Release|Any CPU.ActiveCfg = Release|Any CPU
		{CF813485-AEB4-44D7-8B2D-E3E073F07507}.Release|Any CPU.Build.0 = Release|Any CPU
		{922360FE-B723-400F-B679-907EB1B20852}.Debug|Any CPU.ActiveCfg = Debug|Any CPU
		{922360FE-B723-400F-B679-907EB1B20852}.Debug|Any CPU.Build.0 = Debug|Any CPU
		{922360FE-B723-400F-B679-907EB1B20852}.Release|Any CPU.ActiveCfg = Release|Any CPU
		{922360FE-B723-400F-B679-907EB1B20852}.Release|Any CPU.Build.0 = Release|Any CPU
		{9016C431-4E84-482B-9B78-63ABDFC4F36F}.Debug|Any CPU.ActiveCfg = Debug|Any CPU
		{9016C431-4E84-482B-9B78-63ABDFC4F36F}.Debug|Any CPU.Build.0 = Debug|Any CPU
		{9016C431-4E84-482B-9B78-63ABDFC4F36F}.Release|Any CPU.ActiveCfg = Release|Any CPU
		{9016C431-4E84-482B-9B78-63ABDFC4F36F}.Release|Any CPU.Build.0 = Release|Any CPU
		{4352B137-EC20-490E-9D5D-FDD30767AA1A}.Debug|Any CPU.ActiveCfg = Debug|Any CPU
		{4352B137-EC20-490E-9D5D-FDD30767AA1A}.Debug|Any CPU.Build.0 = Debug|Any CPU
		{4352B137-EC20-490E-9D5D-FDD30767AA1A}.Release|Any CPU.ActiveCfg = Release|Any CPU
		{4352B137-EC20-490E-9D5D-FDD30767AA1A}.Release|Any CPU.Build.0 = Release|Any CPU
		{E46F13F8-D939-45CF-9923-8BFFE60FC524}.Debug|Any CPU.ActiveCfg = Debug|Any CPU
		{E46F13F8-D939-45CF-9923-8BFFE60FC524}.Debug|Any CPU.Build.0 = Debug|Any CPU
		{E46F13F8-D939-45CF-9923-8BFFE60FC524}.Release|Any CPU.ActiveCfg = Release|Any CPU
		{E46F13F8-D939-45CF-9923-8BFFE60FC524}.Release|Any CPU.Build.0 = Release|Any CPU
		{FA74A8B6-0497-4FCA-BB63-8F8F6DF2CA3B}.Debug|Any CPU.ActiveCfg = Debug|Any CPU
		{FA74A8B6-0497-4FCA-BB63-8F8F6DF2CA3B}.Debug|Any CPU.Build.0 = Debug|Any CPU
		{FA74A8B6-0497-4FCA-BB63-8F8F6DF2CA3B}.Release|Any CPU.ActiveCfg = Release|Any CPU
		{FA74A8B6-0497-4FCA-BB63-8F8F6DF2CA3B}.Release|Any CPU.Build.0 = Release|Any CPU
	EndGlobalSection
	GlobalSection(SolutionProperties) = preSolution
		HideSolutionNode = FALSE
	EndGlobalSection
	GlobalSection(ExtensibilityGlobals) = postSolution
		SolutionGuid = {4BDD6B93-7547-421A-965B-B518E37643CB}
	EndGlobalSection
EndGlobal
